// !$*UTF8*$!
{
	archiveVersion = 1;
	classes = {
	};
	objectVersion = 46;
	objects = {

/* Begin PBXBuildFile section */
		841DDCB41ECD44EB00CBF6D5 /* FMEleFoodDetailCell.m in Sources */ = {isa = PBXBuildFile; fileRef = 841DDCB31ECD44EB00CBF6D5 /* FMEleFoodDetailCell.m */; };
		8425AA931EF8F38200732B18 /* FMCascadeView.m in Sources */ = {isa = PBXBuildFile; fileRef = 8425AA8A1EF8F38200732B18 /* FMCascadeView.m */; };
		8425AA951EF8F38200732B18 /* LeftControl.m in Sources */ = {isa = PBXBuildFile; fileRef = 8425AA8E1EF8F38200732B18 /* LeftControl.m */; };
		8425AA971EF8F38200732B18 /* RightControl.m in Sources */ = {isa = PBXBuildFile; fileRef = 8425AA921EF8F38200732B18 /* RightControl.m */; };
		8425AA9A1EF9002000732B18 /* LeftCell.m in Sources */ = {isa = PBXBuildFile; fileRef = 8425AA991EF9002000732B18 /* LeftCell.m */; };
		84380D441ED2CA1B008B6C25 /* FMFuncButton.m in Sources */ = {isa = PBXBuildFile; fileRef = 84380D431ED2CA1B008B6C25 /* FMFuncButton.m */; };
		84380D471ED2DC01008B6C25 /* Tools.m in Sources */ = {isa = PBXBuildFile; fileRef = 84380D461ED2DC01008B6C25 /* Tools.m */; };
		8457B60E1EC03F200081B1A5 /* main.m in Sources */ = {isa = PBXBuildFile; fileRef = 8457B60D1EC03F200081B1A5 /* main.m */; };
		8457B6111EC03F200081B1A5 /* AppDelegate.m in Sources */ = {isa = PBXBuildFile; fileRef = 8457B6101EC03F200081B1A5 /* AppDelegate.m */; };
		8457B61A1EC03F200081B1A5 /* FMElemeAnimationDemo.xcdatamodeld in Sources */ = {isa = PBXBuildFile; fileRef = 8457B6181EC03F200081B1A5 /* FMElemeAnimationDemo.xcdatamodeld */; };
		8457B61C1EC03F200081B1A5 /* Assets.xcassets in Resources */ = {isa = PBXBuildFile; fileRef = 8457B61B1EC03F200081B1A5 /* Assets.xcassets */; };
		8457B61F1EC03F200081B1A5 /* LaunchScreen.storyboard in Resources */ = {isa = PBXBuildFile; fileRef = 8457B61D1EC03F200081B1A5 /* LaunchScreen.storyboard */; };
		8457B62A1EC03F200081B1A5 /* FMElemeAnimationDemoTests.m in Sources */ = {isa = PBXBuildFile; fileRef = 8457B6291EC03F200081B1A5 /* FMElemeAnimationDemoTests.m */; };
		8457B6351EC03F200081B1A5 /* FMElemeAnimationDemoUITests.m in Sources */ = {isa = PBXBuildFile; fileRef = 8457B6341EC03F200081B1A5 /* FMElemeAnimationDemoUITests.m */; };
		8457B65B1EC040490081B1A5 /* MASCompositeConstraint.m in Sources */ = {isa = PBXBuildFile; fileRef = 8457B6451EC040490081B1A5 /* MASCompositeConstraint.m */; };
		8457B65C1EC040490081B1A5 /* MASConstraint.m in Sources */ = {isa = PBXBuildFile; fileRef = 8457B6481EC040490081B1A5 /* MASConstraint.m */; };
		8457B65D1EC040490081B1A5 /* MASConstraintMaker.m in Sources */ = {isa = PBXBuildFile; fileRef = 8457B64A1EC040490081B1A5 /* MASConstraintMaker.m */; };
		8457B65E1EC040490081B1A5 /* MASLayoutConstraint.m in Sources */ = {isa = PBXBuildFile; fileRef = 8457B64C1EC040490081B1A5 /* MASLayoutConstraint.m */; };
		8457B65F1EC040490081B1A5 /* MASViewAttribute.m in Sources */ = {isa = PBXBuildFile; fileRef = 8457B6501EC040490081B1A5 /* MASViewAttribute.m */; };
		8457B6601EC040490081B1A5 /* MASViewConstraint.m in Sources */ = {isa = PBXBuildFile; fileRef = 8457B6521EC040490081B1A5 /* MASViewConstraint.m */; };
		8457B6611EC040490081B1A5 /* NSArray+MASAdditions.m in Sources */ = {isa = PBXBuildFile; fileRef = 8457B6541EC040490081B1A5 /* NSArray+MASAdditions.m */; };
		8457B6621EC040490081B1A5 /* NSLayoutConstraint+MASDebugAdditions.m in Sources */ = {isa = PBXBuildFile; fileRef = 8457B6571EC040490081B1A5 /* NSLayoutConstraint+MASDebugAdditions.m */; };
		8457B6631EC040490081B1A5 /* View+MASAdditions.m in Sources */ = {isa = PBXBuildFile; fileRef = 8457B6591EC040490081B1A5 /* View+MASAdditions.m */; };
		8457B67F1EC05DAF0081B1A5 /* ViewController.m in Sources */ = {isa = PBXBuildFile; fileRef = 8457B67E1EC05DAF0081B1A5 /* ViewController.m */; };
		8457B6821EC060120081B1A5 /* FMBaseViewController.m in Sources */ = {isa = PBXBuildFile; fileRef = 8457B6811EC060120081B1A5 /* FMBaseViewController.m */; };
		8457B6851EC061D50081B1A5 /* top_navigation_back@2x.png in Resources */ = {isa = PBXBuildFile; fileRef = 8457B6841EC061D50081B1A5 /* top_navigation_back@2x.png */; };
		8457B68E1EC0623E0081B1A5 /* FMEleNavigationBar.m in Sources */ = {isa = PBXBuildFile; fileRef = 8457B68D1EC0623E0081B1A5 /* FMEleNavigationBar.m */; };
		8457B6921EC071770081B1A5 /* ZLNavigationController.m in Sources */ = {isa = PBXBuildFile; fileRef = 8457B6911EC071770081B1A5 /* ZLNavigationController.m */; };
		8457FF791ECACD1300B1E712 /* FMPanModalTransition.m in Sources */ = {isa = PBXBuildFile; fileRef = 8457FF761ECACD1300B1E712 /* FMPanModalTransition.m */; };
		8457FF7A1ECACD1300B1E712 /* FMPercentDrivenInteractiveTransition.m in Sources */ = {isa = PBXBuildFile; fileRef = 8457FF781ECACD1300B1E712 /* FMPercentDrivenInteractiveTransition.m */; };
		8457FF861ECAF17D00B1E712 /* FMEleMainSmallWindow.m in Sources */ = {isa = PBXBuildFile; fileRef = 8457FF851ECAF17D00B1E712 /* FMEleMainSmallWindow.m */; };
		8457FF891ECAF48E00B1E712 /* FMEleMainSmallImgView.m in Sources */ = {isa = PBXBuildFile; fileRef = 8457FF881ECAF48E00B1E712 /* FMEleMainSmallImgView.m */; };
		84E60D931EC15A2A0084CEE0 /* MKAnnotationView+WebCache.m in Sources */ = {isa = PBXBuildFile; fileRef = 84E60D731EC15A2A0084CEE0 /* MKAnnotationView+WebCache.m */; };
		84E60D941EC15A2A0084CEE0 /* NSData+ImageContentType.m in Sources */ = {isa = PBXBuildFile; fileRef = 84E60D751EC15A2A0084CEE0 /* NSData+ImageContentType.m */; };
		84E60D951EC15A2A0084CEE0 /* SDImageCache.m in Sources */ = {isa = PBXBuildFile; fileRef = 84E60D771EC15A2A0084CEE0 /* SDImageCache.m */; };
		84E60D961EC15A2A0084CEE0 /* SDWebImageCompat.m in Sources */ = {isa = PBXBuildFile; fileRef = 84E60D791EC15A2A0084CEE0 /* SDWebImageCompat.m */; };
		84E60D971EC15A2A0084CEE0 /* SDWebImageDecoder.m in Sources */ = {isa = PBXBuildFile; fileRef = 84E60D7B1EC15A2A0084CEE0 /* SDWebImageDecoder.m */; };
		84E60D981EC15A2A0084CEE0 /* SDWebImageDownloader.m in Sources */ = {isa = PBXBuildFile; fileRef = 84E60D7D1EC15A2A0084CEE0 /* SDWebImageDownloader.m */; };
		84E60D991EC15A2A0084CEE0 /* SDWebImageDownloaderOperation.m in Sources */ = {isa = PBXBuildFile; fileRef = 84E60D7F1EC15A2A0084CEE0 /* SDWebImageDownloaderOperation.m */; };
		84E60D9A1EC15A2A0084CEE0 /* SDWebImageManager.m in Sources */ = {isa = PBXBuildFile; fileRef = 84E60D811EC15A2A0084CEE0 /* SDWebImageManager.m */; };
		84E60D9B1EC15A2A0084CEE0 /* SDWebImagePrefetcher.m in Sources */ = {isa = PBXBuildFile; fileRef = 84E60D841EC15A2A0084CEE0 /* SDWebImagePrefetcher.m */; };
		84E60D9C1EC15A2A0084CEE0 /* UIButton+WebCache.m in Sources */ = {isa = PBXBuildFile; fileRef = 84E60D861EC15A2A0084CEE0 /* UIButton+WebCache.m */; };
		84E60D9D1EC15A2A0084CEE0 /* UIImage+GIF.m in Sources */ = {isa = PBXBuildFile; fileRef = 84E60D881EC15A2A0084CEE0 /* UIImage+GIF.m */; };
		84E60D9E1EC15A2A0084CEE0 /* UIImage+MultiFormat.m in Sources */ = {isa = PBXBuildFile; fileRef = 84E60D8A1EC15A2A0084CEE0 /* UIImage+MultiFormat.m */; };
		84E60D9F1EC15A2A0084CEE0 /* UIImage+WebP.m in Sources */ = {isa = PBXBuildFile; fileRef = 84E60D8C1EC15A2A0084CEE0 /* UIImage+WebP.m */; };
		84E60DA01EC15A2A0084CEE0 /* UIImageView+HighlightedWebCache.m in Sources */ = {isa = PBXBuildFile; fileRef = 84E60D8E1EC15A2A0084CEE0 /* UIImageView+HighlightedWebCache.m */; };
		84E60DA11EC15A2A0084CEE0 /* UIImageView+WebCache.m in Sources */ = {isa = PBXBuildFile; fileRef = 84E60D901EC15A2A0084CEE0 /* UIImageView+WebCache.m */; };
		84E60DA21EC15A2A0084CEE0 /* UIView+WebCacheOperation.m in Sources */ = {isa = PBXBuildFile; fileRef = 84E60D921EC15A2A0084CEE0 /* UIView+WebCacheOperation.m */; };
		84E60DA61EC161820084CEE0 /* UIResponder+Router.m in Sources */ = {isa = PBXBuildFile; fileRef = 84E60DA51EC161820084CEE0 /* UIResponder+Router.m */; };
		84E60DAE1EC16FD10084CEE0 /* UIImage+ImageEffects.m in Sources */ = {isa = PBXBuildFile; fileRef = 84E60DA91EC16FD10084CEE0 /* UIImage+ImageEffects.m */; };
		84E60DAF1EC16FD10084CEE0 /* UIImageEffects.m in Sources */ = {isa = PBXBuildFile; fileRef = 84E60DAB1EC16FD10084CEE0 /* UIImageEffects.m */; };
		84E60DB01EC16FD10084CEE0 /* UIImageView+LBBlurredImage.m in Sources */ = {isa = PBXBuildFile; fileRef = 84E60DAD1EC16FD10084CEE0 /* UIImageView+LBBlurredImage.m */; };
		84E60DC11EC1719F0084CEE0 /* FMEleMainControl.m in Sources */ = {isa = PBXBuildFile; fileRef = 84E60DB61EC1719F0084CEE0 /* FMEleMainControl.m */; };
		84E60DC21EC1719F0084CEE0 /* FMEleMainHeaderInfoView.m in Sources */ = {isa = PBXBuildFile; fileRef = 84E60DB91EC1719F0084CEE0 /* FMEleMainHeaderInfoView.m */; };
		84E60DC31EC1719F0084CEE0 /* FMEleMainHeaderView.m in Sources */ = {isa = PBXBuildFile; fileRef = 84E60DBB1EC1719F0084CEE0 /* FMEleMainHeaderView.m */; };
		84E60DC41EC1719F0084CEE0 /* FMEleMainListCell.m in Sources */ = {isa = PBXBuildFile; fileRef = 84E60DBD1EC1719F0084CEE0 /* FMEleMainListCell.m */; };
		84E60DC51EC1719F0084CEE0 /* FMEleMainViewController.m in Sources */ = {isa = PBXBuildFile; fileRef = 84E60DC01EC1719F0084CEE0 /* FMEleMainViewController.m */; };
		84E60DCB1EC171E10084CEE0 /* FMEleFoodDetailController.m in Sources */ = {isa = PBXBuildFile; fileRef = 84E60DCA1EC171E10084CEE0 /* FMEleFoodDetailController.m */; };
		84E60DCE1EC171F90084CEE0 /* FMEleFoodDetailControl.m in Sources */ = {isa = PBXBuildFile; fileRef = 84E60DCD1EC171F90084CEE0 /* FMEleFoodDetailControl.m */; };
		84E60DD11EC176BE0084CEE0 /* FMEleBottomToolBar.m in Sources */ = {isa = PBXBuildFile; fileRef = 84E60DD01EC176BE0084CEE0 /* FMEleBottomToolBar.m */; };
		84E60DD71EC191460084CEE0 /* YYFPSLabel.m in Sources */ = {isa = PBXBuildFile; fileRef = 84E60DD41EC191460084CEE0 /* YYFPSLabel.m */; };
		84E60DD81EC191460084CEE0 /* YYWeakProxy.m in Sources */ = {isa = PBXBuildFile; fileRef = 84E60DD61EC191460084CEE0 /* YYWeakProxy.m */; };
		84E60DDE1EC1C3FC0084CEE0 /* FMEleJoinCartAnimation.m in Sources */ = {isa = PBXBuildFile; fileRef = 84E60DDD1EC1C3FC0084CEE0 /* FMEleJoinCartAnimation.m */; };
/* End PBXBuildFile section */

/* Begin PBXContainerItemProxy section */
		8457B6261EC03F200081B1A5 /* PBXContainerItemProxy */ = {
			isa = PBXContainerItemProxy;
			containerPortal = 8457B6011EC03F200081B1A5 /* Project object */;
			proxyType = 1;
			remoteGlobalIDString = 8457B6081EC03F200081B1A5;
			remoteInfo = FMElemeAnimationDemo;
		};
		8457B6311EC03F200081B1A5 /* PBXContainerItemProxy */ = {
			isa = PBXContainerItemProxy;
			containerPortal = 8457B6011EC03F200081B1A5 /* Project object */;
			proxyType = 1;
			remoteGlobalIDString = 8457B6081EC03F200081B1A5;
			remoteInfo = FMElemeAnimationDemo;
		};
/* End PBXContainerItemProxy section */

/* Begin PBXFileReference section */
		84072CB01EC0AAA4006A16F6 /* MacroDefinition.h */ = {isa = PBXFileReference; lastKnownFileType = sourcecode.c.h; path = MacroDefinition.h; sourceTree = "<group>"; };
		841DDCB21ECD44EB00CBF6D5 /* FMEleFoodDetailCell.h */ = {isa = PBXFileReference; fileEncoding = 4; lastKnownFileType = sourcecode.c.h; path = FMEleFoodDetailCell.h; sourceTree = "<group>"; };
		841DDCB31ECD44EB00CBF6D5 /* FMEleFoodDetailCell.m */ = {isa = PBXFileReference; fileEncoding = 4; lastKnownFileType = sourcecode.c.objc; path = FMEleFoodDetailCell.m; sourceTree = "<group>"; };
		8425AA891EF8F38200732B18 /* FMCascadeView.h */ = {isa = PBXFileReference; fileEncoding = 4; lastKnownFileType = sourcecode.c.h; path = FMCascadeView.h; sourceTree = "<group>"; };
		8425AA8A1EF8F38200732B18 /* FMCascadeView.m */ = {isa = PBXFileReference; fileEncoding = 4; lastKnownFileType = sourcecode.c.objc; path = FMCascadeView.m; sourceTree = "<group>"; };
		8425AA8D1EF8F38200732B18 /* LeftControl.h */ = {isa = PBXFileReference; fileEncoding = 4; lastKnownFileType = sourcecode.c.h; path = LeftControl.h; sourceTree = "<group>"; };
		8425AA8E1EF8F38200732B18 /* LeftControl.m */ = {isa = PBXFileReference; fileEncoding = 4; lastKnownFileType = sourcecode.c.objc; path = LeftControl.m; sourceTree = "<group>"; };
		8425AA911EF8F38200732B18 /* RightControl.h */ = {isa = PBXFileReference; fileEncoding = 4; lastKnownFileType = sourcecode.c.h; path = RightControl.h; sourceTree = "<group>"; };
		8425AA921EF8F38200732B18 /* RightControl.m */ = {isa = PBXFileReference; fileEncoding = 4; lastKnownFileType = sourcecode.c.objc; path = RightControl.m; sourceTree = "<group>"; };
		8425AA981EF9002000732B18 /* LeftCell.h */ = {isa = PBXFileReference; fileEncoding = 4; lastKnownFileType = sourcecode.c.h; path = LeftCell.h; sourceTree = "<group>"; };
		8425AA991EF9002000732B18 /* LeftCell.m */ = {isa = PBXFileReference; fileEncoding = 4; lastKnownFileType = sourcecode.c.objc; path = LeftCell.m; sourceTree = "<group>"; };
		84380D421ED2CA1B008B6C25 /* FMFuncButton.h */ = {isa = PBXFileReference; fileEncoding = 4; lastKnownFileType = sourcecode.c.h; path = FMFuncButton.h; sourceTree = "<group>"; };
		84380D431ED2CA1B008B6C25 /* FMFuncButton.m */ = {isa = PBXFileReference; fileEncoding = 4; lastKnownFileType = sourcecode.c.objc; path = FMFuncButton.m; sourceTree = "<group>"; };
		84380D451ED2DC01008B6C25 /* Tools.h */ = {isa = PBXFileReference; fileEncoding = 4; lastKnownFileType = sourcecode.c.h; path = Tools.h; sourceTree = "<group>"; };
		84380D461ED2DC01008B6C25 /* Tools.m */ = {isa = PBXFileReference; fileEncoding = 4; lastKnownFileType = sourcecode.c.objc; path = Tools.m; sourceTree = "<group>"; };
		8457B6091EC03F200081B1A5 /* FMElemeAnimationDemo.app */ = {isa = PBXFileReference; explicitFileType = wrapper.application; includeInIndex = 0; path = FMElemeAnimationDemo.app; sourceTree = BUILT_PRODUCTS_DIR; };
		8457B60D1EC03F200081B1A5 /* main.m */ = {isa = PBXFileReference; lastKnownFileType = sourcecode.c.objc; path = main.m; sourceTree = "<group>"; };
		8457B60F1EC03F200081B1A5 /* AppDelegate.h */ = {isa = PBXFileReference; lastKnownFileType = sourcecode.c.h; path = AppDelegate.h; sourceTree = "<group>"; };
		8457B6101EC03F200081B1A5 /* AppDelegate.m */ = {isa = PBXFileReference; lastKnownFileType = sourcecode.c.objc; path = AppDelegate.m; sourceTree = "<group>"; };
		8457B6191EC03F200081B1A5 /* FMElemeAnimationDemo.xcdatamodel */ = {isa = PBXFileReference; lastKnownFileType = wrapper.xcdatamodel; path = FMElemeAnimationDemo.xcdatamodel; sourceTree = "<group>"; };
		8457B61B1EC03F200081B1A5 /* Assets.xcassets */ = {isa = PBXFileReference; lastKnownFileType = folder.assetcatalog; path = Assets.xcassets; sourceTree = "<group>"; };
		8457B61E1EC03F200081B1A5 /* Base */ = {isa = PBXFileReference; lastKnownFileType = file.storyboard; name = Base; path = Base.lproj/LaunchScreen.storyboard; sourceTree = "<group>"; };
		8457B6201EC03F200081B1A5 /* Info.plist */ = {isa = PBXFileReference; lastKnownFileType = text.plist.xml; path = Info.plist; sourceTree = "<group>"; };
		8457B6251EC03F200081B1A5 /* FMElemeAnimationDemoTests.xctest */ = {isa = PBXFileReference; explicitFileType = wrapper.cfbundle; includeInIndex = 0; path = FMElemeAnimationDemoTests.xctest; sourceTree = BUILT_PRODUCTS_DIR; };
		8457B6291EC03F200081B1A5 /* FMElemeAnimationDemoTests.m */ = {isa = PBXFileReference; lastKnownFileType = sourcecode.c.objc; path = FMElemeAnimationDemoTests.m; sourceTree = "<group>"; };
		8457B62B1EC03F200081B1A5 /* Info.plist */ = {isa = PBXFileReference; lastKnownFileType = text.plist.xml; path = Info.plist; sourceTree = "<group>"; };
		8457B6301EC03F200081B1A5 /* FMElemeAnimationDemoUITests.xctest */ = {isa = PBXFileReference; explicitFileType = wrapper.cfbundle; includeInIndex = 0; path = FMElemeAnimationDemoUITests.xctest; sourceTree = BUILT_PRODUCTS_DIR; };
		8457B6341EC03F200081B1A5 /* FMElemeAnimationDemoUITests.m */ = {isa = PBXFileReference; lastKnownFileType = sourcecode.c.objc; path = FMElemeAnimationDemoUITests.m; sourceTree = "<group>"; };
		8457B6361EC03F200081B1A5 /* Info.plist */ = {isa = PBXFileReference; lastKnownFileType = text.plist.xml; path = Info.plist; sourceTree = "<group>"; };
		8457B6441EC040490081B1A5 /* MASCompositeConstraint.h */ = {isa = PBXFileReference; fileEncoding = 4; lastKnownFileType = sourcecode.c.h; path = MASCompositeConstraint.h; sourceTree = "<group>"; };
		8457B6451EC040490081B1A5 /* MASCompositeConstraint.m */ = {isa = PBXFileReference; fileEncoding = 4; lastKnownFileType = sourcecode.c.objc; path = MASCompositeConstraint.m; sourceTree = "<group>"; };
		8457B6461EC040490081B1A5 /* MASConstraint+Private.h */ = {isa = PBXFileReference; fileEncoding = 4; lastKnownFileType = sourcecode.c.h; path = "MASConstraint+Private.h"; sourceTree = "<group>"; };
		8457B6471EC040490081B1A5 /* MASConstraint.h */ = {isa = PBXFileReference; fileEncoding = 4; lastKnownFileType = sourcecode.c.h; path = MASConstraint.h; sourceTree = "<group>"; };
		8457B6481EC040490081B1A5 /* MASConstraint.m */ = {isa = PBXFileReference; fileEncoding = 4; lastKnownFileType = sourcecode.c.objc; path = MASConstraint.m; sourceTree = "<group>"; };
		8457B6491EC040490081B1A5 /* MASConstraintMaker.h */ = {isa = PBXFileReference; fileEncoding = 4; lastKnownFileType = sourcecode.c.h; path = MASConstraintMaker.h; sourceTree = "<group>"; };
		8457B64A1EC040490081B1A5 /* MASConstraintMaker.m */ = {isa = PBXFileReference; fileEncoding = 4; lastKnownFileType = sourcecode.c.objc; path = MASConstraintMaker.m; sourceTree = "<group>"; };
		8457B64B1EC040490081B1A5 /* MASLayoutConstraint.h */ = {isa = PBXFileReference; fileEncoding = 4; lastKnownFileType = sourcecode.c.h; path = MASLayoutConstraint.h; sourceTree = "<group>"; };
		8457B64C1EC040490081B1A5 /* MASLayoutConstraint.m */ = {isa = PBXFileReference; fileEncoding = 4; lastKnownFileType = sourcecode.c.objc; path = MASLayoutConstraint.m; sourceTree = "<group>"; };
		8457B64D1EC040490081B1A5 /* Masonry.h */ = {isa = PBXFileReference; fileEncoding = 4; lastKnownFileType = sourcecode.c.h; path = Masonry.h; sourceTree = "<group>"; };
		8457B64E1EC040490081B1A5 /* MASUtilities.h */ = {isa = PBXFileReference; fileEncoding = 4; lastKnownFileType = sourcecode.c.h; path = MASUtilities.h; sourceTree = "<group>"; };
		8457B64F1EC040490081B1A5 /* MASViewAttribute.h */ = {isa = PBXFileReference; fileEncoding = 4; lastKnownFileType = sourcecode.c.h; path = MASViewAttribute.h; sourceTree = "<group>"; };
		8457B6501EC040490081B1A5 /* MASViewAttribute.m */ = {isa = PBXFileReference; fileEncoding = 4; lastKnownFileType = sourcecode.c.objc; path = MASViewAttribute.m; sourceTree = "<group>"; };
		8457B6511EC040490081B1A5 /* MASViewConstraint.h */ = {isa = PBXFileReference; fileEncoding = 4; lastKnownFileType = sourcecode.c.h; path = MASViewConstraint.h; sourceTree = "<group>"; };
		8457B6521EC040490081B1A5 /* MASViewConstraint.m */ = {isa = PBXFileReference; fileEncoding = 4; lastKnownFileType = sourcecode.c.objc; path = MASViewConstraint.m; sourceTree = "<group>"; };
		8457B6531EC040490081B1A5 /* NSArray+MASAdditions.h */ = {isa = PBXFileReference; fileEncoding = 4; lastKnownFileType = sourcecode.c.h; path = "NSArray+MASAdditions.h"; sourceTree = "<group>"; };
		8457B6541EC040490081B1A5 /* NSArray+MASAdditions.m */ = {isa = PBXFileReference; fileEncoding = 4; lastKnownFileType = sourcecode.c.objc; path = "NSArray+MASAdditions.m"; sourceTree = "<group>"; };
		8457B6551EC040490081B1A5 /* NSArray+MASShorthandAdditions.h */ = {isa = PBXFileReference; fileEncoding = 4; lastKnownFileType = sourcecode.c.h; path = "NSArray+MASShorthandAdditions.h"; sourceTree = "<group>"; };
		8457B6561EC040490081B1A5 /* NSLayoutConstraint+MASDebugAdditions.h */ = {isa = PBXFileReference; fileEncoding = 4; lastKnownFileType = sourcecode.c.h; path = "NSLayoutConstraint+MASDebugAdditions.h"; sourceTree = "<group>"; };
		8457B6571EC040490081B1A5 /* NSLayoutConstraint+MASDebugAdditions.m */ = {isa = PBXFileReference; fileEncoding = 4; lastKnownFileType = sourcecode.c.objc; path = "NSLayoutConstraint+MASDebugAdditions.m"; sourceTree = "<group>"; };
		8457B6581EC040490081B1A5 /* View+MASAdditions.h */ = {isa = PBXFileReference; fileEncoding = 4; lastKnownFileType = sourcecode.c.h; path = "View+MASAdditions.h"; sourceTree = "<group>"; };
		8457B6591EC040490081B1A5 /* View+MASAdditions.m */ = {isa = PBXFileReference; fileEncoding = 4; lastKnownFileType = sourcecode.c.objc; path = "View+MASAdditions.m"; sourceTree = "<group>"; };
		8457B65A1EC040490081B1A5 /* View+MASShorthandAdditions.h */ = {isa = PBXFileReference; fileEncoding = 4; lastKnownFileType = sourcecode.c.h; path = "View+MASShorthandAdditions.h"; sourceTree = "<group>"; };
		8457B6671EC0451A0081B1A5 /* PrefixHeader.pch */ = {isa = PBXFileReference; fileEncoding = 4; lastKnownFileType = sourcecode.c.h; path = PrefixHeader.pch; sourceTree = "<group>"; };
		8457B67D1EC05DAF0081B1A5 /* ViewController.h */ = {isa = PBXFileReference; fileEncoding = 4; lastKnownFileType = sourcecode.c.h; path = ViewController.h; sourceTree = "<group>"; };
		8457B67E1EC05DAF0081B1A5 /* ViewController.m */ = {isa = PBXFileReference; fileEncoding = 4; lastKnownFileType = sourcecode.c.objc; path = ViewController.m; sourceTree = "<group>"; };
		8457B6801EC060120081B1A5 /* FMBaseViewController.h */ = {isa = PBXFileReference; fileEncoding = 4; lastKnownFileType = sourcecode.c.h; path = FMBaseViewController.h; sourceTree = "<group>"; };
		8457B6811EC060120081B1A5 /* FMBaseViewController.m */ = {isa = PBXFileReference; fileEncoding = 4; lastKnownFileType = sourcecode.c.objc; path = FMBaseViewController.m; sourceTree = "<group>"; };
		8457B6841EC061D50081B1A5 /* top_navigation_back@2x.png */ = {isa = PBXFileReference; lastKnownFileType = image.png; path = "top_navigation_back@2x.png"; sourceTree = "<group>"; };
		8457B68C1EC0623E0081B1A5 /* FMEleNavigationBar.h */ = {isa = PBXFileReference; fileEncoding = 4; lastKnownFileType = sourcecode.c.h; path = FMEleNavigationBar.h; sourceTree = "<group>"; };
		8457B68D1EC0623E0081B1A5 /* FMEleNavigationBar.m */ = {isa = PBXFileReference; fileEncoding = 4; lastKnownFileType = sourcecode.c.objc; path = FMEleNavigationBar.m; sourceTree = "<group>"; };
		8457B6901EC071770081B1A5 /* ZLNavigationController.h */ = {isa = PBXFileReference; fileEncoding = 4; lastKnownFileType = sourcecode.c.h; path = ZLNavigationController.h; sourceTree = "<group>"; };
		8457B6911EC071770081B1A5 /* ZLNavigationController.m */ = {isa = PBXFileReference; fileEncoding = 4; lastKnownFileType = sourcecode.c.objc; path = ZLNavigationController.m; sourceTree = "<group>"; };
		8457FF751ECACD1300B1E712 /* FMPanModalTransition.h */ = {isa = PBXFileReference; fileEncoding = 4; lastKnownFileType = sourcecode.c.h; path = FMPanModalTransition.h; sourceTree = "<group>"; };
		8457FF761ECACD1300B1E712 /* FMPanModalTransition.m */ = {isa = PBXFileReference; fileEncoding = 4; lastKnownFileType = sourcecode.c.objc; path = FMPanModalTransition.m; sourceTree = "<group>"; };
		8457FF771ECACD1300B1E712 /* FMPercentDrivenInteractiveTransition.h */ = {isa = PBXFileReference; fileEncoding = 4; lastKnownFileType = sourcecode.c.h; path = FMPercentDrivenInteractiveTransition.h; sourceTree = "<group>"; };
		8457FF781ECACD1300B1E712 /* FMPercentDrivenInteractiveTransition.m */ = {isa = PBXFileReference; fileEncoding = 4; lastKnownFileType = sourcecode.c.objc; path = FMPercentDrivenInteractiveTransition.m; sourceTree = "<group>"; };
		8457FF841ECAF17D00B1E712 /* FMEleMainSmallWindow.h */ = {isa = PBXFileReference; fileEncoding = 4; lastKnownFileType = sourcecode.c.h; path = FMEleMainSmallWindow.h; sourceTree = "<group>"; };
		8457FF851ECAF17D00B1E712 /* FMEleMainSmallWindow.m */ = {isa = PBXFileReference; fileEncoding = 4; lastKnownFileType = sourcecode.c.objc; path = FMEleMainSmallWindow.m; sourceTree = "<group>"; };
		8457FF871ECAF48E00B1E712 /* FMEleMainSmallImgView.h */ = {isa = PBXFileReference; fileEncoding = 4; lastKnownFileType = sourcecode.c.h; path = FMEleMainSmallImgView.h; sourceTree = "<group>"; };
		8457FF881ECAF48E00B1E712 /* FMEleMainSmallImgView.m */ = {isa = PBXFileReference; fileEncoding = 4; lastKnownFileType = sourcecode.c.objc; path = FMEleMainSmallImgView.m; sourceTree = "<group>"; };
		84E60D721EC15A2A0084CEE0 /* MKAnnotationView+WebCache.h */ = {isa = PBXFileReference; fileEncoding = 4; lastKnownFileType = sourcecode.c.h; path = "MKAnnotationView+WebCache.h"; sourceTree = "<group>"; };
		84E60D731EC15A2A0084CEE0 /* MKAnnotationView+WebCache.m */ = {isa = PBXFileReference; fileEncoding = 4; lastKnownFileType = sourcecode.c.objc; path = "MKAnnotationView+WebCache.m"; sourceTree = "<group>"; };
		84E60D741EC15A2A0084CEE0 /* NSData+ImageContentType.h */ = {isa = PBXFileReference; fileEncoding = 4; lastKnownFileType = sourcecode.c.h; path = "NSData+ImageContentType.h"; sourceTree = "<group>"; };
		84E60D751EC15A2A0084CEE0 /* NSData+ImageContentType.m */ = {isa = PBXFileReference; fileEncoding = 4; lastKnownFileType = sourcecode.c.objc; path = "NSData+ImageContentType.m"; sourceTree = "<group>"; };
		84E60D761EC15A2A0084CEE0 /* SDImageCache.h */ = {isa = PBXFileReference; fileEncoding = 4; lastKnownFileType = sourcecode.c.h; path = SDImageCache.h; sourceTree = "<group>"; };
		84E60D771EC15A2A0084CEE0 /* SDImageCache.m */ = {isa = PBXFileReference; fileEncoding = 4; lastKnownFileType = sourcecode.c.objc; path = SDImageCache.m; sourceTree = "<group>"; };
		84E60D781EC15A2A0084CEE0 /* SDWebImageCompat.h */ = {isa = PBXFileReference; fileEncoding = 4; lastKnownFileType = sourcecode.c.h; path = SDWebImageCompat.h; sourceTree = "<group>"; };
		84E60D791EC15A2A0084CEE0 /* SDWebImageCompat.m */ = {isa = PBXFileReference; fileEncoding = 4; lastKnownFileType = sourcecode.c.objc; path = SDWebImageCompat.m; sourceTree = "<group>"; };
		84E60D7A1EC15A2A0084CEE0 /* SDWebImageDecoder.h */ = {isa = PBXFileReference; fileEncoding = 4; lastKnownFileType = sourcecode.c.h; path = SDWebImageDecoder.h; sourceTree = "<group>"; };
		84E60D7B1EC15A2A0084CEE0 /* SDWebImageDecoder.m */ = {isa = PBXFileReference; fileEncoding = 4; lastKnownFileType = sourcecode.c.objc; path = SDWebImageDecoder.m; sourceTree = "<group>"; };
		84E60D7C1EC15A2A0084CEE0 /* SDWebImageDownloader.h */ = {isa = PBXFileReference; fileEncoding = 4; lastKnownFileType = sourcecode.c.h; path = SDWebImageDownloader.h; sourceTree = "<group>"; };
		84E60D7D1EC15A2A0084CEE0 /* SDWebImageDownloader.m */ = {isa = PBXFileReference; fileEncoding = 4; lastKnownFileType = sourcecode.c.objc; path = SDWebImageDownloader.m; sourceTree = "<group>"; };
		84E60D7E1EC15A2A0084CEE0 /* SDWebImageDownloaderOperation.h */ = {isa = PBXFileReference; fileEncoding = 4; lastKnownFileType = sourcecode.c.h; path = SDWebImageDownloaderOperation.h; sourceTree = "<group>"; };
		84E60D7F1EC15A2A0084CEE0 /* SDWebImageDownloaderOperation.m */ = {isa = PBXFileReference; fileEncoding = 4; lastKnownFileType = sourcecode.c.objc; path = SDWebImageDownloaderOperation.m; sourceTree = "<group>"; };
		84E60D801EC15A2A0084CEE0 /* SDWebImageManager.h */ = {isa = PBXFileReference; fileEncoding = 4; lastKnownFileType = sourcecode.c.h; path = SDWebImageManager.h; sourceTree = "<group>"; };
		84E60D811EC15A2A0084CEE0 /* SDWebImageManager.m */ = {isa = PBXFileReference; fileEncoding = 4; lastKnownFileType = sourcecode.c.objc; path = SDWebImageManager.m; sourceTree = "<group>"; };
		84E60D821EC15A2A0084CEE0 /* SDWebImageOperation.h */ = {isa = PBXFileReference; fileEncoding = 4; lastKnownFileType = sourcecode.c.h; path = SDWebImageOperation.h; sourceTree = "<group>"; };
		84E60D831EC15A2A0084CEE0 /* SDWebImagePrefetcher.h */ = {isa = PBXFileReference; fileEncoding = 4; lastKnownFileType = sourcecode.c.h; path = SDWebImagePrefetcher.h; sourceTree = "<group>"; };
		84E60D841EC15A2A0084CEE0 /* SDWebImagePrefetcher.m */ = {isa = PBXFileReference; fileEncoding = 4; lastKnownFileType = sourcecode.c.objc; path = SDWebImagePrefetcher.m; sourceTree = "<group>"; };
		84E60D851EC15A2A0084CEE0 /* UIButton+WebCache.h */ = {isa = PBXFileReference; fileEncoding = 4; lastKnownFileType = sourcecode.c.h; path = "UIButton+WebCache.h"; sourceTree = "<group>"; };
		84E60D861EC15A2A0084CEE0 /* UIButton+WebCache.m */ = {isa = PBXFileReference; fileEncoding = 4; lastKnownFileType = sourcecode.c.objc; path = "UIButton+WebCache.m"; sourceTree = "<group>"; };
		84E60D871EC15A2A0084CEE0 /* UIImage+GIF.h */ = {isa = PBXFileReference; fileEncoding = 4; lastKnownFileType = sourcecode.c.h; path = "UIImage+GIF.h"; sourceTree = "<group>"; };
		84E60D881EC15A2A0084CEE0 /* UIImage+GIF.m */ = {isa = PBXFileReference; fileEncoding = 4; lastKnownFileType = sourcecode.c.objc; path = "UIImage+GIF.m"; sourceTree = "<group>"; };
		84E60D891EC15A2A0084CEE0 /* UIImage+MultiFormat.h */ = {isa = PBXFileReference; fileEncoding = 4; lastKnownFileType = sourcecode.c.h; path = "UIImage+MultiFormat.h"; sourceTree = "<group>"; };
		84E60D8A1EC15A2A0084CEE0 /* UIImage+MultiFormat.m */ = {isa = PBXFileReference; fileEncoding = 4; lastKnownFileType = sourcecode.c.objc; path = "UIImage+MultiFormat.m"; sourceTree = "<group>"; };
		84E60D8B1EC15A2A0084CEE0 /* UIImage+WebP.h */ = {isa = PBXFileReference; fileEncoding = 4; lastKnownFileType = sourcecode.c.h; path = "UIImage+WebP.h"; sourceTree = "<group>"; };
		84E60D8C1EC15A2A0084CEE0 /* UIImage+WebP.m */ = {isa = PBXFileReference; fileEncoding = 4; lastKnownFileType = sourcecode.c.objc; path = "UIImage+WebP.m"; sourceTree = "<group>"; };
		84E60D8D1EC15A2A0084CEE0 /* UIImageView+HighlightedWebCache.h */ = {isa = PBXFileReference; fileEncoding = 4; lastKnownFileType = sourcecode.c.h; path = "UIImageView+HighlightedWebCache.h"; sourceTree = "<group>"; };
		84E60D8E1EC15A2A0084CEE0 /* UIImageView+HighlightedWebCache.m */ = {isa = PBXFileReference; fileEncoding = 4; lastKnownFileType = sourcecode.c.objc; path = "UIImageView+HighlightedWebCache.m"; sourceTree = "<group>"; };
		84E60D8F1EC15A2A0084CEE0 /* UIImageView+WebCache.h */ = {isa = PBXFileReference; fileEncoding = 4; lastKnownFileType = sourcecode.c.h; path = "UIImageView+WebCache.h"; sourceTree = "<group>"; };
		84E60D901EC15A2A0084CEE0 /* UIImageView+WebCache.m */ = {isa = PBXFileReference; fileEncoding = 4; lastKnownFileType = sourcecode.c.objc; path = "UIImageView+WebCache.m"; sourceTree = "<group>"; };
		84E60D911EC15A2A0084CEE0 /* UIView+WebCacheOperation.h */ = {isa = PBXFileReference; fileEncoding = 4; lastKnownFileType = sourcecode.c.h; path = "UIView+WebCacheOperation.h"; sourceTree = "<group>"; };
		84E60D921EC15A2A0084CEE0 /* UIView+WebCacheOperation.m */ = {isa = PBXFileReference; fileEncoding = 4; lastKnownFileType = sourcecode.c.objc; path = "UIView+WebCacheOperation.m"; sourceTree = "<group>"; };
		84E60DA41EC161820084CEE0 /* UIResponder+Router.h */ = {isa = PBXFileReference; fileEncoding = 4; lastKnownFileType = sourcecode.c.h; path = "UIResponder+Router.h"; sourceTree = "<group>"; };
		84E60DA51EC161820084CEE0 /* UIResponder+Router.m */ = {isa = PBXFileReference; fileEncoding = 4; lastKnownFileType = sourcecode.c.objc; path = "UIResponder+Router.m"; sourceTree = "<group>"; };
		84E60DA81EC16FD10084CEE0 /* UIImage+ImageEffects.h */ = {isa = PBXFileReference; fileEncoding = 4; lastKnownFileType = sourcecode.c.h; path = "UIImage+ImageEffects.h"; sourceTree = "<group>"; };
		84E60DA91EC16FD10084CEE0 /* UIImage+ImageEffects.m */ = {isa = PBXFileReference; fileEncoding = 4; lastKnownFileType = sourcecode.c.objc; path = "UIImage+ImageEffects.m"; sourceTree = "<group>"; };
		84E60DAA1EC16FD10084CEE0 /* UIImageEffects.h */ = {isa = PBXFileReference; fileEncoding = 4; lastKnownFileType = sourcecode.c.h; path = UIImageEffects.h; sourceTree = "<group>"; };
		84E60DAB1EC16FD10084CEE0 /* UIImageEffects.m */ = {isa = PBXFileReference; fileEncoding = 4; lastKnownFileType = sourcecode.c.objc; path = UIImageEffects.m; sourceTree = "<group>"; };
		84E60DAC1EC16FD10084CEE0 /* UIImageView+LBBlurredImage.h */ = {isa = PBXFileReference; fileEncoding = 4; lastKnownFileType = sourcecode.c.h; path = "UIImageView+LBBlurredImage.h"; sourceTree = "<group>"; };
		84E60DAD1EC16FD10084CEE0 /* UIImageView+LBBlurredImage.m */ = {isa = PBXFileReference; fileEncoding = 4; lastKnownFileType = sourcecode.c.objc; path = "UIImageView+LBBlurredImage.m"; sourceTree = "<group>"; };
		84E60DB51EC1719F0084CEE0 /* FMEleMainControl.h */ = {isa = PBXFileReference; fileEncoding = 4; lastKnownFileType = sourcecode.c.h; path = FMEleMainControl.h; sourceTree = "<group>"; };
		84E60DB61EC1719F0084CEE0 /* FMEleMainControl.m */ = {isa = PBXFileReference; fileEncoding = 4; lastKnownFileType = sourcecode.c.objc; path = FMEleMainControl.m; sourceTree = "<group>"; };
		84E60DB81EC1719F0084CEE0 /* FMEleMainHeaderInfoView.h */ = {isa = PBXFileReference; fileEncoding = 4; lastKnownFileType = sourcecode.c.h; path = FMEleMainHeaderInfoView.h; sourceTree = "<group>"; };
		84E60DB91EC1719F0084CEE0 /* FMEleMainHeaderInfoView.m */ = {isa = PBXFileReference; fileEncoding = 4; lastKnownFileType = sourcecode.c.objc; path = FMEleMainHeaderInfoView.m; sourceTree = "<group>"; };
		84E60DBA1EC1719F0084CEE0 /* FMEleMainHeaderView.h */ = {isa = PBXFileReference; fileEncoding = 4; lastKnownFileType = sourcecode.c.h; path = FMEleMainHeaderView.h; sourceTree = "<group>"; };
		84E60DBB1EC1719F0084CEE0 /* FMEleMainHeaderView.m */ = {isa = PBXFileReference; fileEncoding = 4; lastKnownFileType = sourcecode.c.objc; path = FMEleMainHeaderView.m; sourceTree = "<group>"; };
		84E60DBC1EC1719F0084CEE0 /* FMEleMainListCell.h */ = {isa = PBXFileReference; fileEncoding = 4; lastKnownFileType = sourcecode.c.h; path = FMEleMainListCell.h; sourceTree = "<group>"; };
		84E60DBD1EC1719F0084CEE0 /* FMEleMainListCell.m */ = {isa = PBXFileReference; fileEncoding = 4; lastKnownFileType = sourcecode.c.objc; path = FMEleMainListCell.m; sourceTree = "<group>"; };
		84E60DBF1EC1719F0084CEE0 /* FMEleMainViewController.h */ = {isa = PBXFileReference; fileEncoding = 4; lastKnownFileType = sourcecode.c.h; path = FMEleMainViewController.h; sourceTree = "<group>"; };
		84E60DC01EC1719F0084CEE0 /* FMEleMainViewController.m */ = {isa = PBXFileReference; fileEncoding = 4; lastKnownFileType = sourcecode.c.objc; path = FMEleMainViewController.m; sourceTree = "<group>"; };
		84E60DC91EC171E10084CEE0 /* FMEleFoodDetailController.h */ = {isa = PBXFileReference; fileEncoding = 4; lastKnownFileType = sourcecode.c.h; path = FMEleFoodDetailController.h; sourceTree = "<group>"; };
		84E60DCA1EC171E10084CEE0 /* FMEleFoodDetailController.m */ = {isa = PBXFileReference; fileEncoding = 4; lastKnownFileType = sourcecode.c.objc; path = FMEleFoodDetailController.m; sourceTree = "<group>"; };
		84E60DCC1EC171F90084CEE0 /* FMEleFoodDetailControl.h */ = {isa = PBXFileReference; fileEncoding = 4; lastKnownFileType = sourcecode.c.h; path = FMEleFoodDetailControl.h; sourceTree = "<group>"; };
		84E60DCD1EC171F90084CEE0 /* FMEleFoodDetailControl.m */ = {isa = PBXFileReference; fileEncoding = 4; lastKnownFileType = sourcecode.c.objc; path = FMEleFoodDetailControl.m; sourceTree = "<group>"; };
		84E60DCF1EC176BE0084CEE0 /* FMEleBottomToolBar.h */ = {isa = PBXFileReference; fileEncoding = 4; lastKnownFileType = sourcecode.c.h; path = FMEleBottomToolBar.h; sourceTree = "<group>"; };
		84E60DD01EC176BE0084CEE0 /* FMEleBottomToolBar.m */ = {isa = PBXFileReference; fileEncoding = 4; lastKnownFileType = sourcecode.c.objc; path = FMEleBottomToolBar.m; sourceTree = "<group>"; };
		84E60DD31EC191460084CEE0 /* YYFPSLabel.h */ = {isa = PBXFileReference; fileEncoding = 4; lastKnownFileType = sourcecode.c.h; path = YYFPSLabel.h; sourceTree = "<group>"; };
		84E60DD41EC191460084CEE0 /* YYFPSLabel.m */ = {isa = PBXFileReference; fileEncoding = 4; lastKnownFileType = sourcecode.c.objc; path = YYFPSLabel.m; sourceTree = "<group>"; };
		84E60DD51EC191460084CEE0 /* YYWeakProxy.h */ = {isa = PBXFileReference; fileEncoding = 4; lastKnownFileType = sourcecode.c.h; path = YYWeakProxy.h; sourceTree = "<group>"; };
		84E60DD61EC191460084CEE0 /* YYWeakProxy.m */ = {isa = PBXFileReference; fileEncoding = 4; lastKnownFileType = sourcecode.c.objc; path = YYWeakProxy.m; sourceTree = "<group>"; };
		84E60DDC1EC1C3FC0084CEE0 /* FMEleJoinCartAnimation.h */ = {isa = PBXFileReference; fileEncoding = 4; lastKnownFileType = sourcecode.c.h; path = FMEleJoinCartAnimation.h; sourceTree = "<group>"; };
		84E60DDD1EC1C3FC0084CEE0 /* FMEleJoinCartAnimation.m */ = {isa = PBXFileReference; fileEncoding = 4; lastKnownFileType = sourcecode.c.objc; path = FMEleJoinCartAnimation.m; sourceTree = "<group>"; };
/* End PBXFileReference section */

/* Begin PBXFrameworksBuildPhase section */
		8457B6061EC03F200081B1A5 /* Frameworks */ = {
			isa = PBXFrameworksBuildPhase;
			buildActionMask = 2147483647;
			files = (
			);
			runOnlyForDeploymentPostprocessing = 0;
		};
		8457B6221EC03F200081B1A5 /* Frameworks */ = {
			isa = PBXFrameworksBuildPhase;
			buildActionMask = 2147483647;
			files = (
			);
			runOnlyForDeploymentPostprocessing = 0;
		};
		8457B62D1EC03F200081B1A5 /* Frameworks */ = {
			isa = PBXFrameworksBuildPhase;
			buildActionMask = 2147483647;
			files = (
			);
			runOnlyForDeploymentPostprocessing = 0;
		};
/* End PBXFrameworksBuildPhase section */

/* Begin PBXGroup section */
		841DDCB11ECD44E200CBF6D5 /* View */ = {
			isa = PBXGroup;
			children = (
				841DDCB21ECD44EB00CBF6D5 /* FMEleFoodDetailCell.h */,
				841DDCB31ECD44EB00CBF6D5 /* FMEleFoodDetailCell.m */,
			);
			path = View;
			sourceTree = "<group>";
		};
		8425AA881EF8F38200732B18 /* FMCascadeView */ = {
			isa = PBXGroup;
			children = (
				8425AA891EF8F38200732B18 /* FMCascadeView.h */,
				8425AA8A1EF8F38200732B18 /* FMCascadeView.m */,
				8425AA8D1EF8F38200732B18 /* LeftControl.h */,
				8425AA8E1EF8F38200732B18 /* LeftControl.m */,
				8425AA911EF8F38200732B18 /* RightControl.h */,
				8425AA921EF8F38200732B18 /* RightControl.m */,
			);
			path = FMCascadeView;
			sourceTree = "<group>";
		};
		8457B6001EC03F200081B1A5 = {
			isa = PBXGroup;
			children = (
				8457B6831EC061D50081B1A5 /* Res */,
				8457B6421EC040490081B1A5 /* Des */,
				8457B6751EC053C30081B1A5 /* Common */,
				8457B60B1EC03F200081B1A5 /* FMElemeAnimationDemo */,
				8457B6281EC03F200081B1A5 /* FMElemeAnimationDemoTests */,
				8457B6331EC03F200081B1A5 /* FMElemeAnimationDemoUITests */,
				8457B60A1EC03F200081B1A5 /* Products */,
			);
			sourceTree = "<group>";
		};
		8457B60A1EC03F200081B1A5 /* Products */ = {
			isa = PBXGroup;
			children = (
				8457B6091EC03F200081B1A5 /* FMElemeAnimationDemo.app */,
				8457B6251EC03F200081B1A5 /* FMElemeAnimationDemoTests.xctest */,
				8457B6301EC03F200081B1A5 /* FMElemeAnimationDemoUITests.xctest */,
			);
			name = Products;
			sourceTree = "<group>";
		};
		8457B60B1EC03F200081B1A5 /* FMElemeAnimationDemo */ = {
			isa = PBXGroup;
			children = (
				84E60DB11EC1719F0084CEE0 /* Classes */,
				8457B60F1EC03F200081B1A5 /* AppDelegate.h */,
				8457B6101EC03F200081B1A5 /* AppDelegate.m */,
				8457B67D1EC05DAF0081B1A5 /* ViewController.h */,
				8457B67E1EC05DAF0081B1A5 /* ViewController.m */,
				8457B61B1EC03F200081B1A5 /* Assets.xcassets */,
				8457B61D1EC03F200081B1A5 /* LaunchScreen.storyboard */,
				8457B6201EC03F200081B1A5 /* Info.plist */,
				8457B6181EC03F200081B1A5 /* FMElemeAnimationDemo.xcdatamodeld */,
				8457B60C1EC03F200081B1A5 /* Supporting Files */,
			);
			path = FMElemeAnimationDemo;
			sourceTree = "<group>";
		};
		8457B60C1EC03F200081B1A5 /* Supporting Files */ = {
			isa = PBXGroup;
			children = (
				8457B6671EC0451A0081B1A5 /* PrefixHeader.pch */,
				8457B60D1EC03F200081B1A5 /* main.m */,
				84072CB01EC0AAA4006A16F6 /* MacroDefinition.h */,
			);
			name = "Supporting Files";
			sourceTree = "<group>";
		};
		8457B6281EC03F200081B1A5 /* FMElemeAnimationDemoTests */ = {
			isa = PBXGroup;
			children = (
				8457B6291EC03F200081B1A5 /* FMElemeAnimationDemoTests.m */,
				8457B62B1EC03F200081B1A5 /* Info.plist */,
			);
			path = FMElemeAnimationDemoTests;
			sourceTree = "<group>";
		};
		8457B6331EC03F200081B1A5 /* FMElemeAnimationDemoUITests */ = {
			isa = PBXGroup;
			children = (
				8457B6341EC03F200081B1A5 /* FMElemeAnimationDemoUITests.m */,
				8457B6361EC03F200081B1A5 /* Info.plist */,
			);
			path = FMElemeAnimationDemoUITests;
			sourceTree = "<group>";
		};
		8457B6421EC040490081B1A5 /* Des */ = {
			isa = PBXGroup;
			children = (
				84E60DD21EC191460084CEE0 /* YYFPSLabel */,
				84E60DA71EC16FD10084CEE0 /* LBBlurredImage */,
				84E60DA31EC161820084CEE0 /* FMCategories */,
				84E60D711EC15A2A0084CEE0 /* SDWebImage */,
				8457B6431EC040490081B1A5 /* Masonry */,
			);
			path = Des;
			sourceTree = "<group>";
		};
		8457B6431EC040490081B1A5 /* Masonry */ = {
			isa = PBXGroup;
			children = (
				8457B6441EC040490081B1A5 /* MASCompositeConstraint.h */,
				8457B6451EC040490081B1A5 /* MASCompositeConstraint.m */,
				8457B6461EC040490081B1A5 /* MASConstraint+Private.h */,
				8457B6471EC040490081B1A5 /* MASConstraint.h */,
				8457B6481EC040490081B1A5 /* MASConstraint.m */,
				8457B6491EC040490081B1A5 /* MASConstraintMaker.h */,
				8457B64A1EC040490081B1A5 /* MASConstraintMaker.m */,
				8457B64B1EC040490081B1A5 /* MASLayoutConstraint.h */,
				8457B64C1EC040490081B1A5 /* MASLayoutConstraint.m */,
				8457B64D1EC040490081B1A5 /* Masonry.h */,
				8457B64E1EC040490081B1A5 /* MASUtilities.h */,
				8457B64F1EC040490081B1A5 /* MASViewAttribute.h */,
				8457B6501EC040490081B1A5 /* MASViewAttribute.m */,
				8457B6511EC040490081B1A5 /* MASViewConstraint.h */,
				8457B6521EC040490081B1A5 /* MASViewConstraint.m */,
				8457B6531EC040490081B1A5 /* NSArray+MASAdditions.h */,
				8457B6541EC040490081B1A5 /* NSArray+MASAdditions.m */,
				8457B6551EC040490081B1A5 /* NSArray+MASShorthandAdditions.h */,
				8457B6561EC040490081B1A5 /* NSLayoutConstraint+MASDebugAdditions.h */,
				8457B6571EC040490081B1A5 /* NSLayoutConstraint+MASDebugAdditions.m */,
				8457B6581EC040490081B1A5 /* View+MASAdditions.h */,
				8457B6591EC040490081B1A5 /* View+MASAdditions.m */,
				8457B65A1EC040490081B1A5 /* View+MASShorthandAdditions.h */,
			);
			path = Masonry;
			sourceTree = "<group>";
		};
		8457B6751EC053C30081B1A5 /* Common */ = {
			isa = PBXGroup;
			children = (
				8457FF741ECACD1300B1E712 /* FMModalTransition */,
				8457B68A1EC062280081B1A5 /* View */,
				8457B6761EC053C30081B1A5 /* Controller */,
				84380D451ED2DC01008B6C25 /* Tools.h */,
				84380D461ED2DC01008B6C25 /* Tools.m */,
			);
			path = Common;
			sourceTree = "<group>";
		};
		8457B6761EC053C30081B1A5 /* Controller */ = {
			isa = PBXGroup;
			children = (
				8457B68F1EC071770081B1A5 /* Navigation */,
				8457B6801EC060120081B1A5 /* FMBaseViewController.h */,
				8457B6811EC060120081B1A5 /* FMBaseViewController.m */,
			);
			path = Controller;
			sourceTree = "<group>";
		};
		8457B6831EC061D50081B1A5 /* Res */ = {
			isa = PBXGroup;
			children = (
				8457B6841EC061D50081B1A5 /* top_navigation_back@2x.png */,
			);
			path = Res;
			sourceTree = "<group>";
		};
		8457B68A1EC062280081B1A5 /* View */ = {
			isa = PBXGroup;
			children = (
				8425AA881EF8F38200732B18 /* FMCascadeView */,
				8457B68B1EC062280081B1A5 /* FMEleNavigationBar */,
			);
			path = View;
			sourceTree = "<group>";
		};
		8457B68B1EC062280081B1A5 /* FMEleNavigationBar */ = {
			isa = PBXGroup;
			children = (
				8457B68C1EC0623E0081B1A5 /* FMEleNavigationBar.h */,
				8457B68D1EC0623E0081B1A5 /* FMEleNavigationBar.m */,
			);
			path = FMEleNavigationBar;
			sourceTree = "<group>";
		};
		8457B68F1EC071770081B1A5 /* Navigation */ = {
			isa = PBXGroup;
			children = (
				8457B6901EC071770081B1A5 /* ZLNavigationController.h */,
				8457B6911EC071770081B1A5 /* ZLNavigationController.m */,
			);
			path = Navigation;
			sourceTree = "<group>";
		};
		8457FF741ECACD1300B1E712 /* FMModalTransition */ = {
			isa = PBXGroup;
			children = (
				8457FF751ECACD1300B1E712 /* FMPanModalTransition.h */,
				8457FF761ECACD1300B1E712 /* FMPanModalTransition.m */,
				8457FF771ECACD1300B1E712 /* FMPercentDrivenInteractiveTransition.h */,
				8457FF781ECACD1300B1E712 /* FMPercentDrivenInteractiveTransition.m */,
			);
			path = FMModalTransition;
			sourceTree = "<group>";
		};
		84E60D711EC15A2A0084CEE0 /* SDWebImage */ = {
			isa = PBXGroup;
			children = (
				84E60D721EC15A2A0084CEE0 /* MKAnnotationView+WebCache.h */,
				84E60D731EC15A2A0084CEE0 /* MKAnnotationView+WebCache.m */,
				84E60D741EC15A2A0084CEE0 /* NSData+ImageContentType.h */,
				84E60D751EC15A2A0084CEE0 /* NSData+ImageContentType.m */,
				84E60D761EC15A2A0084CEE0 /* SDImageCache.h */,
				84E60D771EC15A2A0084CEE0 /* SDImageCache.m */,
				84E60D781EC15A2A0084CEE0 /* SDWebImageCompat.h */,
				84E60D791EC15A2A0084CEE0 /* SDWebImageCompat.m */,
				84E60D7A1EC15A2A0084CEE0 /* SDWebImageDecoder.h */,
				84E60D7B1EC15A2A0084CEE0 /* SDWebImageDecoder.m */,
				84E60D7C1EC15A2A0084CEE0 /* SDWebImageDownloader.h */,
				84E60D7D1EC15A2A0084CEE0 /* SDWebImageDownloader.m */,
				84E60D7E1EC15A2A0084CEE0 /* SDWebImageDownloaderOperation.h */,
				84E60D7F1EC15A2A0084CEE0 /* SDWebImageDownloaderOperation.m */,
				84E60D801EC15A2A0084CEE0 /* SDWebImageManager.h */,
				84E60D811EC15A2A0084CEE0 /* SDWebImageManager.m */,
				84E60D821EC15A2A0084CEE0 /* SDWebImageOperation.h */,
				84E60D831EC15A2A0084CEE0 /* SDWebImagePrefetcher.h */,
				84E60D841EC15A2A0084CEE0 /* SDWebImagePrefetcher.m */,
				84E60D851EC15A2A0084CEE0 /* UIButton+WebCache.h */,
				84E60D861EC15A2A0084CEE0 /* UIButton+WebCache.m */,
				84E60D871EC15A2A0084CEE0 /* UIImage+GIF.h */,
				84E60D881EC15A2A0084CEE0 /* UIImage+GIF.m */,
				84E60D891EC15A2A0084CEE0 /* UIImage+MultiFormat.h */,
				84E60D8A1EC15A2A0084CEE0 /* UIImage+MultiFormat.m */,
				84E60D8B1EC15A2A0084CEE0 /* UIImage+WebP.h */,
				84E60D8C1EC15A2A0084CEE0 /* UIImage+WebP.m */,
				84E60D8D1EC15A2A0084CEE0 /* UIImageView+HighlightedWebCache.h */,
				84E60D8E1EC15A2A0084CEE0 /* UIImageView+HighlightedWebCache.m */,
				84E60D8F1EC15A2A0084CEE0 /* UIImageView+WebCache.h */,
				84E60D901EC15A2A0084CEE0 /* UIImageView+WebCache.m */,
				84E60D911EC15A2A0084CEE0 /* UIView+WebCacheOperation.h */,
				84E60D921EC15A2A0084CEE0 /* UIView+WebCacheOperation.m */,
			);
			path = SDWebImage;
			sourceTree = "<group>";
		};
		84E60DA31EC161820084CEE0 /* FMCategories */ = {
			isa = PBXGroup;
			children = (
				84E60DA41EC161820084CEE0 /* UIResponder+Router.h */,
				84E60DA51EC161820084CEE0 /* UIResponder+Router.m */,
			);
			path = FMCategories;
			sourceTree = "<group>";
		};
		84E60DA71EC16FD10084CEE0 /* LBBlurredImage */ = {
			isa = PBXGroup;
			children = (
				84E60DA81EC16FD10084CEE0 /* UIImage+ImageEffects.h */,
				84E60DA91EC16FD10084CEE0 /* UIImage+ImageEffects.m */,
				84E60DAA1EC16FD10084CEE0 /* UIImageEffects.h */,
				84E60DAB1EC16FD10084CEE0 /* UIImageEffects.m */,
				84E60DAC1EC16FD10084CEE0 /* UIImageView+LBBlurredImage.h */,
				84E60DAD1EC16FD10084CEE0 /* UIImageView+LBBlurredImage.m */,
			);
			path = LBBlurredImage;
			sourceTree = "<group>";
		};
		84E60DB11EC1719F0084CEE0 /* Classes */ = {
			isa = PBXGroup;
			children = (
				84E60DB21EC1719F0084CEE0 /* FoodDetail */,
				84E60DB31EC1719F0084CEE0 /* Main */,
			);
			path = Classes;
			sourceTree = "<group>";
		};
		84E60DB21EC1719F0084CEE0 /* FoodDetail */ = {
			isa = PBXGroup;
			children = (
				841DDCB11ECD44E200CBF6D5 /* View */,
				84E60DC61EC171D20084CEE0 /* Control */,
				84E60DC71EC171D20084CEE0 /* Controller */,
			);
			path = FoodDetail;
			sourceTree = "<group>";
		};
		84E60DB31EC1719F0084CEE0 /* Main */ = {
			isa = PBXGroup;
			children = (
				84E60DB41EC1719F0084CEE0 /* Control */,
				84E60DB71EC1719F0084CEE0 /* View */,
				84E60DBE1EC1719F0084CEE0 /* ViewController */,
			);
			path = Main;
			sourceTree = "<group>";
		};
		84E60DB41EC1719F0084CEE0 /* Control */ = {
			isa = PBXGroup;
			children = (
				84E60DDC1EC1C3FC0084CEE0 /* FMEleJoinCartAnimation.h */,
				84E60DDD1EC1C3FC0084CEE0 /* FMEleJoinCartAnimation.m */,
				84E60DB51EC1719F0084CEE0 /* FMEleMainControl.h */,
				84E60DB61EC1719F0084CEE0 /* FMEleMainControl.m */,
			);
			path = Control;
			sourceTree = "<group>";
		};
		84E60DB71EC1719F0084CEE0 /* View */ = {
			isa = PBXGroup;
			children = (
				84E60DB81EC1719F0084CEE0 /* FMEleMainHeaderInfoView.h */,
				84E60DB91EC1719F0084CEE0 /* FMEleMainHeaderInfoView.m */,
				84E60DBA1EC1719F0084CEE0 /* FMEleMainHeaderView.h */,
				84E60DBB1EC1719F0084CEE0 /* FMEleMainHeaderView.m */,
				8425AA981EF9002000732B18 /* LeftCell.h */,
				8425AA991EF9002000732B18 /* LeftCell.m */,
				84E60DBC1EC1719F0084CEE0 /* FMEleMainListCell.h */,
				84E60DBD1EC1719F0084CEE0 /* FMEleMainListCell.m */,
				84E60DCF1EC176BE0084CEE0 /* FMEleBottomToolBar.h */,
				84E60DD01EC176BE0084CEE0 /* FMEleBottomToolBar.m */,
				8457FF841ECAF17D00B1E712 /* FMEleMainSmallWindow.h */,
				8457FF851ECAF17D00B1E712 /* FMEleMainSmallWindow.m */,
				8457FF871ECAF48E00B1E712 /* FMEleMainSmallImgView.h */,
				8457FF881ECAF48E00B1E712 /* FMEleMainSmallImgView.m */,
				84380D421ED2CA1B008B6C25 /* FMFuncButton.h */,
				84380D431ED2CA1B008B6C25 /* FMFuncButton.m */,
			);
			path = View;
			sourceTree = "<group>";
		};
		84E60DBE1EC1719F0084CEE0 /* ViewController */ = {
			isa = PBXGroup;
			children = (
				84E60DBF1EC1719F0084CEE0 /* FMEleMainViewController.h */,
				84E60DC01EC1719F0084CEE0 /* FMEleMainViewController.m */,
			);
			path = ViewController;
			sourceTree = "<group>";
		};
		84E60DC61EC171D20084CEE0 /* Control */ = {
			isa = PBXGroup;
			children = (
				84E60DCC1EC171F90084CEE0 /* FMEleFoodDetailControl.h */,
				84E60DCD1EC171F90084CEE0 /* FMEleFoodDetailControl.m */,
			);
			path = Control;
			sourceTree = "<group>";
		};
		84E60DC71EC171D20084CEE0 /* Controller */ = {
			isa = PBXGroup;
			children = (
				84E60DC91EC171E10084CEE0 /* FMEleFoodDetailController.h */,
				84E60DCA1EC171E10084CEE0 /* FMEleFoodDetailController.m */,
			);
			path = Controller;
			sourceTree = "<group>";
		};
		84E60DD21EC191460084CEE0 /* YYFPSLabel */ = {
			isa = PBXGroup;
			children = (
				84E60DD31EC191460084CEE0 /* YYFPSLabel.h */,
				84E60DD41EC191460084CEE0 /* YYFPSLabel.m */,
				84E60DD51EC191460084CEE0 /* YYWeakProxy.h */,
				84E60DD61EC191460084CEE0 /* YYWeakProxy.m */,
			);
			path = YYFPSLabel;
			sourceTree = "<group>";
		};
/* End PBXGroup section */

/* Begin PBXNativeTarget section */
		8457B6081EC03F200081B1A5 /* FMElemeAnimationDemo */ = {
			isa = PBXNativeTarget;
			buildConfigurationList = 8457B6391EC03F200081B1A5 /* Build configuration list for PBXNativeTarget "FMElemeAnimationDemo" */;
			buildPhases = (
				8457B6051EC03F200081B1A5 /* Sources */,
				8457B6061EC03F200081B1A5 /* Frameworks */,
				8457B6071EC03F200081B1A5 /* Resources */,
			);
			buildRules = (
			);
			dependencies = (
			);
			name = FMElemeAnimationDemo;
			productName = FMElemeAnimationDemo;
			productReference = 8457B6091EC03F200081B1A5 /* FMElemeAnimationDemo.app */;
			productType = "com.apple.product-type.application";
		};
		8457B6241EC03F200081B1A5 /* FMElemeAnimationDemoTests */ = {
			isa = PBXNativeTarget;
			buildConfigurationList = 8457B63C1EC03F200081B1A5 /* Build configuration list for PBXNativeTarget "FMElemeAnimationDemoTests" */;
			buildPhases = (
				8457B6211EC03F200081B1A5 /* Sources */,
				8457B6221EC03F200081B1A5 /* Frameworks */,
				8457B6231EC03F200081B1A5 /* Resources */,
			);
			buildRules = (
			);
			dependencies = (
				8457B6271EC03F200081B1A5 /* PBXTargetDependency */,
			);
			name = FMElemeAnimationDemoTests;
			productName = FMElemeAnimationDemoTests;
			productReference = 8457B6251EC03F200081B1A5 /* FMElemeAnimationDemoTests.xctest */;
			productType = "com.apple.product-type.bundle.unit-test";
		};
		8457B62F1EC03F200081B1A5 /* FMElemeAnimationDemoUITests */ = {
			isa = PBXNativeTarget;
			buildConfigurationList = 8457B63F1EC03F200081B1A5 /* Build configuration list for PBXNativeTarget "FMElemeAnimationDemoUITests" */;
			buildPhases = (
				8457B62C1EC03F200081B1A5 /* Sources */,
				8457B62D1EC03F200081B1A5 /* Frameworks */,
				8457B62E1EC03F200081B1A5 /* Resources */,
			);
			buildRules = (
			);
			dependencies = (
				8457B6321EC03F200081B1A5 /* PBXTargetDependency */,
			);
			name = FMElemeAnimationDemoUITests;
			productName = FMElemeAnimationDemoUITests;
			productReference = 8457B6301EC03F200081B1A5 /* FMElemeAnimationDemoUITests.xctest */;
			productType = "com.apple.product-type.bundle.ui-testing";
		};
/* End PBXNativeTarget section */

/* Begin PBXProject section */
		8457B6011EC03F200081B1A5 /* Project object */ = {
			isa = PBXProject;
			attributes = {
				LastUpgradeCheck = 0810;
				ORGANIZATIONNAME = wangjiuyin;
				TargetAttributes = {
					8457B6081EC03F200081B1A5 = {
						CreatedOnToolsVersion = 8.1;
						DevelopmentTeam = 538CZ4N2AQ;
						ProvisioningStyle = Automatic;
					};
					8457B6241EC03F200081B1A5 = {
						CreatedOnToolsVersion = 8.1;
						DevelopmentTeam = 538CZ4N2AQ;
						ProvisioningStyle = Automatic;
						TestTargetID = 8457B6081EC03F200081B1A5;
					};
					8457B62F1EC03F200081B1A5 = {
						CreatedOnToolsVersion = 8.1;
						DevelopmentTeam = 538CZ4N2AQ;
						ProvisioningStyle = Automatic;
						TestTargetID = 8457B6081EC03F200081B1A5;
					};
				};
			};
			buildConfigurationList = 8457B6041EC03F200081B1A5 /* Build configuration list for PBXProject "FMElemeAnimationDemo" */;
			compatibilityVersion = "Xcode 3.2";
			developmentRegion = English;
			hasScannedForEncodings = 0;
			knownRegions = (
				en,
				Base,
			);
			mainGroup = 8457B6001EC03F200081B1A5;
			productRefGroup = 8457B60A1EC03F200081B1A5 /* Products */;
			projectDirPath = "";
			projectRoot = "";
			targets = (
				8457B6081EC03F200081B1A5 /* FMElemeAnimationDemo */,
				8457B6241EC03F200081B1A5 /* FMElemeAnimationDemoTests */,
				8457B62F1EC03F200081B1A5 /* FMElemeAnimationDemoUITests */,
			);
		};
/* End PBXProject section */

/* Begin PBXResourcesBuildPhase section */
		8457B6071EC03F200081B1A5 /* Resources */ = {
			isa = PBXResourcesBuildPhase;
			buildActionMask = 2147483647;
			files = (
				8457B61F1EC03F200081B1A5 /* LaunchScreen.storyboard in Resources */,
				8457B6851EC061D50081B1A5 /* top_navigation_back@2x.png in Resources */,
				8457B61C1EC03F200081B1A5 /* Assets.xcassets in Resources */,
			);
			runOnlyForDeploymentPostprocessing = 0;
		};
		8457B6231EC03F200081B1A5 /* Resources */ = {
			isa = PBXResourcesBuildPhase;
			buildActionMask = 2147483647;
			files = (
			);
			runOnlyForDeploymentPostprocessing = 0;
		};
		8457B62E1EC03F200081B1A5 /* Resources */ = {
			isa = PBXResourcesBuildPhase;
			buildActionMask = 2147483647;
			files = (
			);
			runOnlyForDeploymentPostprocessing = 0;
		};
/* End PBXResourcesBuildPhase section */

/* Begin PBXSourcesBuildPhase section */
		8457B6051EC03F200081B1A5 /* Sources */ = {
			isa = PBXSourcesBuildPhase;
			buildActionMask = 2147483647;
			files = (
				84E60D971EC15A2A0084CEE0 /* SDWebImageDecoder.m in Sources */,
				8457B67F1EC05DAF0081B1A5 /* ViewController.m in Sources */,
				8457FF7A1ECACD1300B1E712 /* FMPercentDrivenInteractiveTransition.m in Sources */,
				84380D471ED2DC01008B6C25 /* Tools.m in Sources */,
				8425AA971EF8F38200732B18 /* RightControl.m in Sources */,
				84E60D931EC15A2A0084CEE0 /* MKAnnotationView+WebCache.m in Sources */,
				8457B6921EC071770081B1A5 /* ZLNavigationController.m in Sources */,
				84E60DD81EC191460084CEE0 /* YYWeakProxy.m in Sources */,
				84E60DCB1EC171E10084CEE0 /* FMEleFoodDetailController.m in Sources */,
				8457B65D1EC040490081B1A5 /* MASConstraintMaker.m in Sources */,
				8457B6821EC060120081B1A5 /* FMBaseViewController.m in Sources */,
				84E60DC31EC1719F0084CEE0 /* FMEleMainHeaderView.m in Sources */,
				8457FF861ECAF17D00B1E712 /* FMEleMainSmallWindow.m in Sources */,
				84E60D961EC15A2A0084CEE0 /* SDWebImageCompat.m in Sources */,
				84E60D951EC15A2A0084CEE0 /* SDImageCache.m in Sources */,
				8457FF791ECACD1300B1E712 /* FMPanModalTransition.m in Sources */,
				84E60D9E1EC15A2A0084CEE0 /* UIImage+MultiFormat.m in Sources */,
				84E60D9D1EC15A2A0084CEE0 /* UIImage+GIF.m in Sources */,
				84E60DD11EC176BE0084CEE0 /* FMEleBottomToolBar.m in Sources */,
				84E60D981EC15A2A0084CEE0 /* SDWebImageDownloader.m in Sources */,
				8457B6111EC03F200081B1A5 /* AppDelegate.m in Sources */,
				84E60DAE1EC16FD10084CEE0 /* UIImage+ImageEffects.m in Sources */,
				8425AA931EF8F38200732B18 /* FMCascadeView.m in Sources */,
				84E60DA11EC15A2A0084CEE0 /* UIImageView+WebCache.m in Sources */,
				84E60D9C1EC15A2A0084CEE0 /* UIButton+WebCache.m in Sources */,
				84E60DC41EC1719F0084CEE0 /* FMEleMainListCell.m in Sources */,
				8457B65C1EC040490081B1A5 /* MASConstraint.m in Sources */,
				8457B65E1EC040490081B1A5 /* MASLayoutConstraint.m in Sources */,
				8425AA9A1EF9002000732B18 /* LeftCell.m in Sources */,
				8425AA951EF8F38200732B18 /* LeftControl.m in Sources */,
				8457B6611EC040490081B1A5 /* NSArray+MASAdditions.m in Sources */,
				84E60DC51EC1719F0084CEE0 /* FMEleMainViewController.m in Sources */,
				84380D441ED2CA1B008B6C25 /* FMFuncButton.m in Sources */,
				84E60DC21EC1719F0084CEE0 /* FMEleMainHeaderInfoView.m in Sources */,
				8457B6601EC040490081B1A5 /* MASViewConstraint.m in Sources */,
				8457B65F1EC040490081B1A5 /* MASViewAttribute.m in Sources */,
				84E60D991EC15A2A0084CEE0 /* SDWebImageDownloaderOperation.m in Sources */,
				8457B68E1EC0623E0081B1A5 /* FMEleNavigationBar.m in Sources */,
				8457B6631EC040490081B1A5 /* View+MASAdditions.m in Sources */,
				84E60D9B1EC15A2A0084CEE0 /* SDWebImagePrefetcher.m in Sources */,
				84E60DDE1EC1C3FC0084CEE0 /* FMEleJoinCartAnimation.m in Sources */,
				84E60DB01EC16FD10084CEE0 /* UIImageView+LBBlurredImage.m in Sources */,
				84E60D9F1EC15A2A0084CEE0 /* UIImage+WebP.m in Sources */,
				84E60DAF1EC16FD10084CEE0 /* UIImageEffects.m in Sources */,
				84E60D9A1EC15A2A0084CEE0 /* SDWebImageManager.m in Sources */,
				84E60D941EC15A2A0084CEE0 /* NSData+ImageContentType.m in Sources */,
				8457B60E1EC03F200081B1A5 /* main.m in Sources */,
				84E60DD71EC191460084CEE0 /* YYFPSLabel.m in Sources */,
				8457B61A1EC03F200081B1A5 /* FMElemeAnimationDemo.xcdatamodeld in Sources */,
				84E60DA61EC161820084CEE0 /* UIResponder+Router.m in Sources */,
				8457B65B1EC040490081B1A5 /* MASCompositeConstraint.m in Sources */,
				84E60DC11EC1719F0084CEE0 /* FMEleMainControl.m in Sources */,
				84E60DCE1EC171F90084CEE0 /* FMEleFoodDetailControl.m in Sources */,
				84E60DA21EC15A2A0084CEE0 /* UIView+WebCacheOperation.m in Sources */,
				84E60DA01EC15A2A0084CEE0 /* UIImageView+HighlightedWebCache.m in Sources */,
				8457B6621EC040490081B1A5 /* NSLayoutConstraint+MASDebugAdditions.m in Sources */,
				841DDCB41ECD44EB00CBF6D5 /* FMEleFoodDetailCell.m in Sources */,
				8457FF891ECAF48E00B1E712 /* FMEleMainSmallImgView.m in Sources */,
			);
			runOnlyForDeploymentPostprocessing = 0;
		};
		8457B6211EC03F200081B1A5 /* Sources */ = {
			isa = PBXSourcesBuildPhase;
			buildActionMask = 2147483647;
			files = (
				8457B62A1EC03F200081B1A5 /* FMElemeAnimationDemoTests.m in Sources */,
			);
			runOnlyForDeploymentPostprocessing = 0;
		};
		8457B62C1EC03F200081B1A5 /* Sources */ = {
			isa = PBXSourcesBuildPhase;
			buildActionMask = 2147483647;
			files = (
				8457B6351EC03F200081B1A5 /* FMElemeAnimationDemoUITests.m in Sources */,
			);
			runOnlyForDeploymentPostprocessing = 0;
		};
/* End PBXSourcesBuildPhase section */

/* Begin PBXTargetDependency section */
		8457B6271EC03F200081B1A5 /* PBXTargetDependency */ = {
			isa = PBXTargetDependency;
			target = 8457B6081EC03F200081B1A5 /* FMElemeAnimationDemo */;
			targetProxy = 8457B6261EC03F200081B1A5 /* PBXContainerItemProxy */;
		};
		8457B6321EC03F200081B1A5 /* PBXTargetDependency */ = {
			isa = PBXTargetDependency;
			target = 8457B6081EC03F200081B1A5 /* FMElemeAnimationDemo */;
			targetProxy = 8457B6311EC03F200081B1A5 /* PBXContainerItemProxy */;
		};
/* End PBXTargetDependency section */

/* Begin PBXVariantGroup section */
		8457B61D1EC03F200081B1A5 /* LaunchScreen.storyboard */ = {
			isa = PBXVariantGroup;
			children = (
				8457B61E1EC03F200081B1A5 /* Base */,
			);
			name = LaunchScreen.storyboard;
			sourceTree = "<group>";
		};
/* End PBXVariantGroup section */

/* Begin XCBuildConfiguration section */
		8457B6371EC03F200081B1A5 /* Debug */ = {
			isa = XCBuildConfiguration;
			buildSettings = {
				ALWAYS_SEARCH_USER_PATHS = NO;
				CLANG_ANALYZER_NONNULL = YES;
				CLANG_CXX_LANGUAGE_STANDARD = "gnu++0x";
				CLANG_CXX_LIBRARY = "libc++";
				CLANG_ENABLE_MODULES = YES;
				CLANG_ENABLE_OBJC_ARC = YES;
				CLANG_WARN_BOOL_CONVERSION = YES;
				CLANG_WARN_CONSTANT_CONVERSION = YES;
				CLANG_WARN_DIRECT_OBJC_ISA_USAGE = YES_ERROR;
				CLANG_WARN_DOCUMENTATION_COMMENTS = YES;
				CLANG_WARN_EMPTY_BODY = YES;
				CLANG_WARN_ENUM_CONVERSION = YES;
				CLANG_WARN_INFINITE_RECURSION = YES;
				CLANG_WARN_INT_CONVERSION = YES;
				CLANG_WARN_OBJC_ROOT_CLASS = YES_ERROR;
				CLANG_WARN_SUSPICIOUS_MOVES = YES;
				CLANG_WARN_UNREACHABLE_CODE = YES;
				CLANG_WARN__DUPLICATE_METHOD_MATCH = YES;
				"CODE_SIGN_IDENTITY[sdk=iphoneos*]" = "iPhone Developer";
				COPY_PHASE_STRIP = NO;
				DEBUG_INFORMATION_FORMAT = dwarf;
				ENABLE_STRICT_OBJC_MSGSEND = YES;
				ENABLE_TESTABILITY = YES;
				GCC_C_LANGUAGE_STANDARD = gnu99;
				GCC_DYNAMIC_NO_PIC = NO;
				GCC_NO_COMMON_BLOCKS = YES;
				GCC_OPTIMIZATION_LEVEL = 0;
				GCC_PREPROCESSOR_DEFINITIONS = (
					"DEBUG=1",
					"$(inherited)",
				);
				GCC_WARN_64_TO_32_BIT_CONVERSION = YES;
				GCC_WARN_ABOUT_RETURN_TYPE = YES_ERROR;
				GCC_WARN_UNDECLARED_SELECTOR = YES;
				GCC_WARN_UNINITIALIZED_AUTOS = YES_AGGRESSIVE;
				GCC_WARN_UNUSED_FUNCTION = YES;
				GCC_WARN_UNUSED_VARIABLE = YES;
				IPHONEOS_DEPLOYMENT_TARGET = 10.1;
				MTL_ENABLE_DEBUG_INFO = YES;
				ONLY_ACTIVE_ARCH = YES;
				SDKROOT = iphoneos;
				TARGETED_DEVICE_FAMILY = "1,2";
			};
			name = Debug;
		};
		8457B6381EC03F200081B1A5 /* Release */ = {
			isa = XCBuildConfiguration;
			buildSettings = {
				ALWAYS_SEARCH_USER_PATHS = NO;
				CLANG_ANALYZER_NONNULL = YES;
				CLANG_CXX_LANGUAGE_STANDARD = "gnu++0x";
				CLANG_CXX_LIBRARY = "libc++";
				CLANG_ENABLE_MODULES = YES;
				CLANG_ENABLE_OBJC_ARC = YES;
				CLANG_WARN_BOOL_CONVERSION = YES;
				CLANG_WARN_CONSTANT_CONVERSION = YES;
				CLANG_WARN_DIRECT_OBJC_ISA_USAGE = YES_ERROR;
				CLANG_WARN_DOCUMENTATION_COMMENTS = YES;
				CLANG_WARN_EMPTY_BODY = YES;
				CLANG_WARN_ENUM_CONVERSION = YES;
				CLANG_WARN_INFINITE_RECURSION = YES;
				CLANG_WARN_INT_CONVERSION = YES;
				CLANG_WARN_OBJC_ROOT_CLASS = YES_ERROR;
				CLANG_WARN_SUSPICIOUS_MOVES = YES;
				CLANG_WARN_UNREACHABLE_CODE = YES;
				CLANG_WARN__DUPLICATE_METHOD_MATCH = YES;
				"CODE_SIGN_IDENTITY[sdk=iphoneos*]" = "iPhone Developer";
				COPY_PHASE_STRIP = NO;
				DEBUG_INFORMATION_FORMAT = "dwarf-with-dsym";
				ENABLE_NS_ASSERTIONS = NO;
				ENABLE_STRICT_OBJC_MSGSEND = YES;
				GCC_C_LANGUAGE_STANDARD = gnu99;
				GCC_NO_COMMON_BLOCKS = YES;
				GCC_WARN_64_TO_32_BIT_CONVERSION = YES;
				GCC_WARN_ABOUT_RETURN_TYPE = YES_ERROR;
				GCC_WARN_UNDECLARED_SELECTOR = YES;
				GCC_WARN_UNINITIALIZED_AUTOS = YES_AGGRESSIVE;
				GCC_WARN_UNUSED_FUNCTION = YES;
				GCC_WARN_UNUSED_VARIABLE = YES;
				IPHONEOS_DEPLOYMENT_TARGET = 10.1;
				MTL_ENABLE_DEBUG_INFO = NO;
				SDKROOT = iphoneos;
				TARGETED_DEVICE_FAMILY = "1,2";
				VALIDATE_PRODUCT = YES;
			};
			name = Release;
		};
		8457B63A1EC03F200081B1A5 /* Debug */ = {
			isa = XCBuildConfiguration;
			buildSettings = {
				ASSETCATALOG_COMPILER_APPICON_NAME = AppIcon;
				DEVELOPMENT_TEAM = 538CZ4N2AQ;
				GCC_PRECOMPILE_PREFIX_HEADER = NO;
				GCC_PREFIX_HEADER = FMElemeAnimationDemo/PrefixHeader.pch;
				INFOPLIST_FILE = FMElemeAnimationDemo/Info.plist;
				IPHONEOS_DEPLOYMENT_TARGET = 8.0;
				LD_RUNPATH_SEARCH_PATHS = "$(inherited) @executable_path/Frameworks";
				PRODUCT_BUNDLE_IDENTIFIER = com.jiemian.FMElemeAnimationDemo;
				PRODUCT_NAME = "$(TARGET_NAME)";
				SHARED_PRECOMPS_DIR = "$(OBJROOT)/SharedPrecompiledHeaders";
			};
			name = Debug;
		};
		8457B63B1EC03F200081B1A5 /* Release */ = {
			isa = XCBuildConfiguration;
			buildSettings = {
				ASSETCATALOG_COMPILER_APPICON_NAME = AppIcon;
				DEVELOPMENT_TEAM = 538CZ4N2AQ;
				GCC_PRECOMPILE_PREFIX_HEADER = NO;
				GCC_PREFIX_HEADER = FMElemeAnimationDemo/PrefixHeader.pch;
				INFOPLIST_FILE = FMElemeAnimationDemo/Info.plist;
				IPHONEOS_DEPLOYMENT_TARGET = 8.0;
				LD_RUNPATH_SEARCH_PATHS = "$(inherited) @executable_path/Frameworks";
				PRODUCT_BUNDLE_IDENTIFIER = com.jiemian.FMElemeAnimationDemo;
				PRODUCT_NAME = "$(TARGET_NAME)";
				SHARED_PRECOMPS_DIR = "$(OBJROOT)/SharedPrecompiledHeaders";
			};
			name = Release;
		};
		8457B63D1EC03F200081B1A5 /* Debug */ = {
			isa = XCBuildConfiguration;
			buildSettings = {
				BUNDLE_LOADER = "$(TEST_HOST)";
				DEVELOPMENT_TEAM = 538CZ4N2AQ;
				INFOPLIST_FILE = FMElemeAnimationDemoTests/Info.plist;
				LD_RUNPATH_SEARCH_PATHS = "$(inherited) @executable_path/Frameworks @loader_path/Frameworks";
				PRODUCT_BUNDLE_IDENTIFIER = com.jiemian.FMElemeAnimationDemoTests;
				PRODUCT_NAME = "$(TARGET_NAME)";
				TEST_HOST = "$(BUILT_PRODUCTS_DIR)/FMElemeAnimationDemo.app/FMElemeAnimationDemo";
			};
			name = Debug;
		};
		8457B63E1EC03F200081B1A5 /* Release */ = {
			isa = XCBuildConfiguration;
			buildSettings = {
				BUNDLE_LOADER = "$(TEST_HOST)";
				DEVELOPMENT_TEAM = 538CZ4N2AQ;
				INFOPLIST_FILE = FMElemeAnimationDemoTests/Info.plist;
				LD_RUNPATH_SEARCH_PATHS = "$(inherited) @executable_path/Frameworks @loader_path/Frameworks";
				PRODUCT_BUNDLE_IDENTIFIER = com.jiemian.FMElemeAnimationDemoTests;
				PRODUCT_NAME = "$(TARGET_NAME)";
				TEST_HOST = "$(BUILT_PRODUCTS_DIR)/FMElemeAnimationDemo.app/FMElemeAnimationDemo";
			};
			name = Release;
		};
		8457B6401EC03F200081B1A5 /* Debug */ = {
			isa = XCBuildConfiguration;
			buildSettings = {
				DEVELOPMENT_TEAM = 538CZ4N2AQ;
				INFOPLIST_FILE = FMElemeAnimationDemoUITests/Info.plist;
				LD_RUNPATH_SEARCH_PATHS = "$(inherited) @executable_path/Frameworks @loader_path/Frameworks";
				PRODUCT_BUNDLE_IDENTIFIER = com.jiemian.FMElemeAnimationDemoUITests;
				PRODUCT_NAME = "$(TARGET_NAME)";
				TEST_TARGET_NAME = FMElemeAnimationDemo;
			};
			name = Debug;
		};
		8457B6411EC03F200081B1A5 /* Release */ = {
			isa = XCBuildConfiguration;
			buildSettings = {
				DEVELOPMENT_TEAM = 538CZ4N2AQ;
				INFOPLIST_FILE = FMElemeAnimationDemoUITests/Info.plist;
				LD_RUNPATH_SEARCH_PATHS = "$(inherited) @executable_path/Frameworks @loader_path/Frameworks";
				PRODUCT_BUNDLE_IDENTIFIER = com.jiemian.FMElemeAnimationDemoUITests;
				PRODUCT_NAME = "$(TARGET_NAME)";
				TEST_TARGET_NAME = FMElemeAnimationDemo;
			};
			name = Release;
		};
/* End XCBuildConfiguration section */

/* Begin XCConfigurationList section */
		8457B6041EC03F200081B1A5 /* Build configuration list for PBXProject "FMElemeAnimationDemo" */ = {
			isa = XCConfigurationList;
			buildConfigurations = (
				8457B6371EC03F200081B1A5 /* Debug */,
				8457B6381EC03F200081B1A5 /* Release */,
			);
			defaultConfigurationIsVisible = 0;
			defaultConfigurationName = Release;
		};
		8457B6391EC03F200081B1A5 /* Build configuration list for PBXNativeTarget "FMElemeAnimationDemo" */ = {
			isa = XCConfigurationList;
			buildConfigurations = (
				8457B63A1EC03F200081B1A5 /* Debug */,
				8457B63B1EC03F200081B1A5 /* Release */,
			);
			defaultConfigurationIsVisible = 0;
			defaultConfigurationName = Release;
		};
		8457B63C1EC03F200081B1A5 /* Build configuration list for PBXNativeTarget "FMElemeAnimationDemoTests" */ = {
			isa = XCConfigurationList;
			buildConfigurations = (
				8457B63D1EC03F200081B1A5 /* Debug */,
				8457B63E1EC03F200081B1A5 /* Release */,
			);
			defaultConfigurationIsVisible = 0;
			defaultConfigurationName = Release;
		};
		8457B63F1EC03F200081B1A5 /* Build configuration list for PBXNativeTarget "FMElemeAnimationDemoUITests" */ = {
			isa = XCConfigurationList;
			buildConfigurations = (
				8457B6401EC03F200081B1A5 /* Debug */,
				8457B6411EC03F200081B1A5 /* Release */,
			);
			defaultConfigurationIsVisible = 0;
			defaultConfigurationName = Release;
		};
/* End XCConfigurationList section */

/* Begin XCVersionGroup section */
		8457B6181EC03F200081B1A5 /* FMElemeAnimationDemo.xcdatamodeld */ = {
			isa = XCVersionGroup;
			children = (
				8457B6191EC03F200081B1A5 /* FMElemeAnimationDemo.xcdatamodel */,
			);
			currentVersion = 8457B6191EC03F200081B1A5 /* FMElemeAnimationDemo.xcdatamodel */;
			path = FMElemeAnimationDemo.xcdatamodeld;
			sourceTree = "<group>";
			versionGroupType = wrapper.xcdatamodel;
		};
/* End XCVersionGroup section */
	};
	rootObject = 8457B6011EC03F200081B1A5 /* Project object */;
}
